
Microsoft Visual Studio Solution File, Format Version 12.00
# Visual Studio Version 17
VisualStudioVersion = 17.6.33829.357
MinimumVisualStudioVersion = 10.0.40219.1
Project("{9A19103F-16F7-4668-BE54-9A1E7A4F7556}") = "Inquiry.Application", "Application\Inquiry.Application.csproj", "{5EC8C36F-7280-40DD-A802-7FA4A8AF94C3}"
EndProject
Project("{9A19103F-16F7-4668-BE54-9A1E7A4F7556}") = "Inquiry.Domain", "Domain\Inquiry.Domain.csproj", "{5F33BF10-26E2-4A7D-BBF8-3E1721B839E1}"
EndProject
Project("{9A19103F-16F7-4668-BE54-9A1E7A4F7556}") = "Inquiry.Infrastructure", "Infrastructure\Inquiry.Infrastructure.csproj", "{9DA78CBB-0845-4487-918C-2314EAE1C923}"
EndProject
Project("{9A19103F-16F7-4668-BE54-9A1E7A4F7556}") = "Tameenk.Autoleasing.InquiryAPI", "Tameenk.Autoleasing.InquiryAPI\Tameenk.Autoleasing.InquiryAPI.csproj", "{C932BDE5-2308-4152-9054-7545C0D9CB31}"
EndProject
Project("{2150E333-8FDC-42A3-9474-1A3956D46DE8}") = "GlobalCommon", "GlobalCommon", "{BE2D0DEF-0D2A-4DDE-9D27-6F128132D446}"
EndProject
Project("{2150E333-8FDC-42A3-9474-1A3956D46DE8}") = "Services", "Services", "{F7609F26-896C-4A7D-A61B-99EBAF3C30F3}"
EndProject
Project("{2150E333-8FDC-42A3-9474-1A3956D46DE8}") = "Identity.API", "Identity.API", "{425C1D79-9C34-4EC8-A7FE-B996D079708F}"
EndProject
Project("{2150E333-8FDC-42A3-9474-1A3956D46DE8}") = "Inquiry.API", "Inquiry.API", "{7031579D-C395-4B4C-A8DE-1F42285359AD}"
EndProject
Project("{2150E333-8FDC-42A3-9474-1A3956D46DE8}") = "Quotation.API", "Quotation.API", "{F82D53C7-8CC6-4AFA-AA9E-047187480BFB}"
EndProject
Project("{2150E333-8FDC-42A3-9474-1A3956D46DE8}") = "Checkout.API", "Checkout.API", "{A1349335-FFBA-41E8-86D3-F27B6AE738A6}"
EndProject
Project("{9A19103F-16F7-4668-BE54-9A1E7A4F7556}") = "GlobalCommon", "GlobalCommon\GlobalCommon.csproj", "{D4408ADE-74A4-44B8-9FBA-52F9EE4E2206}"
EndProject
Project("{FAE04EC0-301F-11D3-BF4B-00C04F79EFBC}") = "GlobalCommon.Domain", "GlobalCommon.Domain\GlobalCommon.Domain.csproj", "{74B41A40-2401-48AF-81A7-8A35A4280B27}"
EndProject
Project("{FAE04EC0-301F-11D3-BF4B-00C04F79EFBC}") = "GlobalCommon.Application", "GlobalCommon.Application\GlobalCommon.Application.csproj", "{84261F5E-AC89-4084-9548-377B817EB9F7}"
EndProject
Project("{FAE04EC0-301F-11D3-BF4B-00C04F79EFBC}") = "GlobalCommon.Infrastructure", "GlobalCommon.Infrastructure\GlobalCommon.Infrastructure.csproj", "{652253AD-DAAC-4FF5-8829-8411211644DD}"
EndProject
Global
	GlobalSection(SolutionConfigurationPlatforms) = preSolution
		Debug|Any CPU = Debug|Any CPU
		Release|Any CPU = Release|Any CPU
	EndGlobalSection
	GlobalSection(ProjectConfigurationPlatforms) = postSolution
		{5EC8C36F-7280-40DD-A802-7FA4A8AF94C3}.Debug|Any CPU.ActiveCfg = Debug|Any CPU
		{5EC8C36F-7280-40DD-A802-7FA4A8AF94C3}.Debug|Any CPU.Build.0 = Debug|Any CPU
		{5EC8C36F-7280-40DD-A802-7FA4A8AF94C3}.Release|Any CPU.ActiveCfg = Release|Any CPU
		{5EC8C36F-7280-40DD-A802-7FA4A8AF94C3}.Release|Any CPU.Build.0 = Release|Any CPU
		{5F33BF10-26E2-4A7D-BBF8-3E1721B839E1}.Debug|Any CPU.ActiveCfg = Debug|Any CPU
		{5F33BF10-26E2-4A7D-BBF8-3E1721B839E1}.Debug|Any CPU.Build.0 = Debug|Any CPU
		{5F33BF10-26E2-4A7D-BBF8-3E1721B839E1}.Release|Any CPU.ActiveCfg = Release|Any CPU
		{5F33BF10-26E2-4A7D-BBF8-3E1721B839E1}.Release|Any CPU.Build.0 = Release|Any CPU
		{9DA78CBB-0845-4487-918C-2314EAE1C923}.Debug|Any CPU.ActiveCfg = Debug|Any CPU
		{9DA78CBB-0845-4487-918C-2314EAE1C923}.Debug|Any CPU.Build.0 = Debug|Any CPU
		{9DA78CBB-0845-4487-918C-2314EAE1C923}.Release|Any CPU.ActiveCfg = Release|Any CPU
		{9DA78CBB-0845-4487-918C-2314EAE1C923}.Release|Any CPU.Build.0 = Release|Any CPU
		{C932BDE5-2308-4152-9054-7545C0D9CB31}.Debug|Any CPU.ActiveCfg = Debug|Any CPU
		{C932BDE5-2308-4152-9054-7545C0D9CB31}.Debug|Any CPU.Build.0 = Debug|Any CPU
		{C932BDE5-2308-4152-9054-7545C0D9CB31}.Release|Any CPU.ActiveCfg = Release|Any CPU
		{C932BDE5-2308-4152-9054-7545C0D9CB31}.Release|Any CPU.Build.0 = Release|Any CPU
		{D4408ADE-74A4-44B8-9FBA-52F9EE4E2206}.Debug|Any CPU.ActiveCfg = Debug|Any CPU
		{D4408ADE-74A4-44B8-9FBA-52F9EE4E2206}.Debug|Any CPU.Build.0 = Debug|Any CPU
		{D4408ADE-74A4-44B8-9FBA-52F9EE4E2206}.Release|Any CPU.ActiveCfg = Release|Any CPU
		{D4408ADE-74A4-44B8-9FBA-52F9EE4E2206}.Release|Any CPU.Build.0 = Release|Any CPU
		{74B41A40-2401-48AF-81A7-8A35A4280B27}.Debug|Any CPU.ActiveCfg = Debug|Any CPU
		{74B41A40-2401-48AF-81A7-8A35A4280B27}.Debug|Any CPU.Build.0 = Debug|Any CPU
		{74B41A40-2401-48AF-81A7-8A35A4280B27}.Release|Any CPU.ActiveCfg = Release|Any CPU
		{74B41A40-2401-48AF-81A7-8A35A4280B27}.Release|Any CPU.Build.0 = Release|Any CPU
		{84261F5E-AC89-4084-9548-377B817EB9F7}.Debug|Any CPU.ActiveCfg = Debug|Any CPU
		{84261F5E-AC89-4084-9548-377B817EB9F7}.Debug|Any CPU.Build.0 = Debug|Any CPU
		{84261F5E-AC89-4084-9548-377B817EB9F7}.Release|Any CPU.ActiveCfg = Release|Any CPU
		{84261F5E-AC89-4084-9548-377B817EB9F7}.Release|Any CPU.Build.0 = Release|Any CPU
		{652253AD-DAAC-4FF5-8829-8411211644DD}.Debug|Any CPU.ActiveCfg = Debug|Any CPU
		{652253AD-DAAC-4FF5-8829-8411211644DD}.Debug|Any CPU.Build.0 = Debug|Any CPU
		{652253AD-DAAC-4FF5-8829-8411211644DD}.Release|Any CPU.ActiveCfg = Release|Any CPU
		{652253AD-DAAC-4FF5-8829-8411211644DD}.Release|Any CPU.Build.0 = Release|Any CPU
	EndGlobalSection
	GlobalSection(SolutionProperties) = preSolution
		HideSolutionNode = FALSE
	EndGlobalSection
	GlobalSection(NestedProjects) = preSolution
		{5EC8C36F-7280-40DD-A802-7FA4A8AF94C3} = {7031579D-C395-4B4C-A8DE-1F42285359AD}
		{5F33BF10-26E2-4A7D-BBF8-3E1721B839E1} = {7031579D-C395-4B4C-A8DE-1F42285359AD}
		{9DA78CBB-0845-4487-918C-2314EAE1C923} = {7031579D-C395-4B4C-A8DE-1F42285359AD}
		{C932BDE5-2308-4152-9054-7545C0D9CB31} = {7031579D-C395-4B4C-A8DE-1F42285359AD}
		{425C1D79-9C34-4EC8-A7FE-B996D079708F} = {F7609F26-896C-4A7D-A61B-99EBAF3C30F3}
		{7031579D-C395-4B4C-A8DE-1F42285359AD} = {F7609F26-896C-4A7D-A61B-99EBAF3C30F3}
		{F82D53C7-8CC6-4AFA-AA9E-047187480BFB} = {F7609F26-896C-4A7D-A61B-99EBAF3C30F3}
		{A1349335-FFBA-41E8-86D3-F27B6AE738A6} = {F7609F26-896C-4A7D-A61B-99EBAF3C30F3}
		{D4408ADE-74A4-44B8-9FBA-52F9EE4E2206} = {BE2D0DEF-0D2A-4DDE-9D27-6F128132D446}
		{74B41A40-2401-48AF-81A7-8A35A4280B27} = {BE2D0DEF-0D2A-4DDE-9D27-6F128132D446}
		{84261F5E-AC89-4084-9548-377B817EB9F7} = {BE2D0DEF-0D2A-4DDE-9D27-6F128132D446}
		{652253AD-DAAC-4FF5-8829-8411211644DD} = {BE2D0DEF-0D2A-4DDE-9D27-6F128132D446}
	EndGlobalSection
	GlobalSection(ExtensibilityGlobals) = postSolution
		SolutionGuid = {2A12A7A5-EB4B-4434-BF92-838A374FD922}
	EndGlobalSection
EndGlobal
