
Microsoft Visual Studio Solution File, Format Version 12.00
# Visual Studio Version 17
VisualStudioVersion = 17.7.34003.232
MinimumVisualStudioVersion = 10.0.40219.1
Project("{2150E333-8FDC-42A3-9474-1A3956D46DE8}") = "Services", "Services", "{6AD5BF80-3583-421F-A358-7158709352D7}"
EndProject
Project("{2150E333-8FDC-42A3-9474-1A3956D46DE8}") = "Common", "Common", "{D0858042-97FE-4D5B-8F11-A382B562BABB}"
EndProject
Project("{2150E333-8FDC-42A3-9474-1A3956D46DE8}") = "Identity", "Identity", "{3B2817C7-1D0B-431B-9F42-39B6206C4DD2}"
EndProject
Project("{2150E333-8FDC-42A3-9474-1A3956D46DE8}") = "Inquiry", "Inquiry", "{EEB0BE1D-478B-42AE-8B76-67A13554CA76}"
EndProject
Project("{9A19103F-16F7-4668-BE54-9A1E7A4F7556}") = "Common.Domain", "Services\Common\Common.Domain\Common.Domain.csproj", "{AF69F149-4D09-4B86-BD7D-EE87213E1FC2}"
EndProject
Project("{9A19103F-16F7-4668-BE54-9A1E7A4F7556}") = "Common.Application", "Services\Common\Common.Application\Common.Application.csproj", "{B6195E62-54DB-47E6-A122-B8B8A8DA52A3}"
EndProject
Project("{9A19103F-16F7-4668-BE54-9A1E7A4F7556}") = "Common.Infrastructure", "Services\Common\Common.Infrastructure\Common.Infrastructure.csproj", "{437C9B0C-2690-4CA5-9919-C3D6CC4C632F}"
EndProject
Project("{9A19103F-16F7-4668-BE54-9A1E7A4F7556}") = "Identity.Domain", "Services\Identity\Identity.Domain\Identity.Domain.csproj", "{D82D5FAE-6B99-4AE3-A4FD-5319150B7CE0}"
EndProject
Project("{9A19103F-16F7-4668-BE54-9A1E7A4F7556}") = "Identity.Application", "Services\Identity\Identity.Application\Identity.Application.csproj", "{3D235C35-62BF-4491-99FF-DF587B2CCE2F}"
EndProject
Project("{9A19103F-16F7-4668-BE54-9A1E7A4F7556}") = "Identity.Infrastructure", "Services\Identity\Identity.Infrastructure\Identity.Infrastructure.csproj", "{7FBBDE32-D1AD-4CD2-BE8A-4BCEE055FBEE}"
EndProject
Project("{9A19103F-16F7-4668-BE54-9A1E7A4F7556}") = "Inquiry.Domain", "Services\Inquiry\Inquiry.Domain\Inquiry.Domain.csproj", "{3B90A317-1680-44AF-8841-05F7D728A8FC}"
EndProject
Project("{9A19103F-16F7-4668-BE54-9A1E7A4F7556}") = "Inquiry.Application", "Services\Inquiry\Inquiry.Application\Inquiry.Application.csproj", "{FD0899AB-7B82-4797-8BD9-FA2BB1AFF983}"
EndProject
Project("{9A19103F-16F7-4668-BE54-9A1E7A4F7556}") = "Inquiry.Infrastructure", "Services\Inquiry\Inquiry.Infrastructure\Inquiry.Infrastructure.csproj", "{093705B9-D3AF-4F84-99A0-69D5640AA052}"
EndProject
Project("{9A19103F-16F7-4668-BE54-9A1E7A4F7556}") = "Inquiry.API", "Services\Inquiry\Iquiry.API\Inquiry.API.csproj", "{E6C9A05B-EC36-4406-9610-636DDF897B10}"
EndProject
Project("{9A19103F-16F7-4668-BE54-9A1E7A4F7556}") = "Identity.API", "Services\Identity\Identity.API\Identity.API.csproj", "{05BCF75A-8B22-4959-BDB9-7A4D65FB4484}"
EndProject
Project("{FAE04EC0-301F-11D3-BF4B-00C04F79EFBC}") = "Tameenk.Resources", "Services\Common\Tameenk.Resources\Tameenk.Resources.csproj", "{393EE6DD-CB4D-4828-838F-861ED8E80FC9}"
EndProject
Global
	GlobalSection(SolutionConfigurationPlatforms) = preSolution
		Debug|Any CPU = Debug|Any CPU
		Release|Any CPU = Release|Any CPU
	EndGlobalSection
	GlobalSection(ProjectConfigurationPlatforms) = postSolution
		{AF69F149-4D09-4B86-BD7D-EE87213E1FC2}.Debug|Any CPU.ActiveCfg = Debug|Any CPU
		{AF69F149-4D09-4B86-BD7D-EE87213E1FC2}.Debug|Any CPU.Build.0 = Debug|Any CPU
		{AF69F149-4D09-4B86-BD7D-EE87213E1FC2}.Release|Any CPU.ActiveCfg = Release|Any CPU
		{AF69F149-4D09-4B86-BD7D-EE87213E1FC2}.Release|Any CPU.Build.0 = Release|Any CPU
		{B6195E62-54DB-47E6-A122-B8B8A8DA52A3}.Debug|Any CPU.ActiveCfg = Debug|Any CPU
		{B6195E62-54DB-47E6-A122-B8B8A8DA52A3}.Debug|Any CPU.Build.0 = Debug|Any CPU
		{B6195E62-54DB-47E6-A122-B8B8A8DA52A3}.Release|Any CPU.ActiveCfg = Release|Any CPU
		{B6195E62-54DB-47E6-A122-B8B8A8DA52A3}.Release|Any CPU.Build.0 = Release|Any CPU
		{437C9B0C-2690-4CA5-9919-C3D6CC4C632F}.Debug|Any CPU.ActiveCfg = Debug|Any CPU
		{437C9B0C-2690-4CA5-9919-C3D6CC4C632F}.Debug|Any CPU.Build.0 = Debug|Any CPU
		{437C9B0C-2690-4CA5-9919-C3D6CC4C632F}.Release|Any CPU.ActiveCfg = Release|Any CPU
		{437C9B0C-2690-4CA5-9919-C3D6CC4C632F}.Release|Any CPU.Build.0 = Release|Any CPU
		{D82D5FAE-6B99-4AE3-A4FD-5319150B7CE0}.Debug|Any CPU.ActiveCfg = Debug|Any CPU
		{D82D5FAE-6B99-4AE3-A4FD-5319150B7CE0}.Debug|Any CPU.Build.0 = Debug|Any CPU
		{D82D5FAE-6B99-4AE3-A4FD-5319150B7CE0}.Release|Any CPU.ActiveCfg = Release|Any CPU
		{D82D5FAE-6B99-4AE3-A4FD-5319150B7CE0}.Release|Any CPU.Build.0 = Release|Any CPU
		{3D235C35-62BF-4491-99FF-DF587B2CCE2F}.Debug|Any CPU.ActiveCfg = Debug|Any CPU
		{3D235C35-62BF-4491-99FF-DF587B2CCE2F}.Debug|Any CPU.Build.0 = Debug|Any CPU
		{3D235C35-62BF-4491-99FF-DF587B2CCE2F}.Release|Any CPU.ActiveCfg = Release|Any CPU
		{3D235C35-62BF-4491-99FF-DF587B2CCE2F}.Release|Any CPU.Build.0 = Release|Any CPU
		{7FBBDE32-D1AD-4CD2-BE8A-4BCEE055FBEE}.Debug|Any CPU.ActiveCfg = Debug|Any CPU
		{7FBBDE32-D1AD-4CD2-BE8A-4BCEE055FBEE}.Debug|Any CPU.Build.0 = Debug|Any CPU
		{7FBBDE32-D1AD-4CD2-BE8A-4BCEE055FBEE}.Release|Any CPU.ActiveCfg = Release|Any CPU
		{7FBBDE32-D1AD-4CD2-BE8A-4BCEE055FBEE}.Release|Any CPU.Build.0 = Release|Any CPU
		{3B90A317-1680-44AF-8841-05F7D728A8FC}.Debug|Any CPU.ActiveCfg = Debug|Any CPU
		{3B90A317-1680-44AF-8841-05F7D728A8FC}.Debug|Any CPU.Build.0 = Debug|Any CPU
		{3B90A317-1680-44AF-8841-05F7D728A8FC}.Release|Any CPU.ActiveCfg = Release|Any CPU
		{3B90A317-1680-44AF-8841-05F7D728A8FC}.Release|Any CPU.Build.0 = Release|Any CPU
		{FD0899AB-7B82-4797-8BD9-FA2BB1AFF983}.Debug|Any CPU.ActiveCfg = Debug|Any CPU
		{FD0899AB-7B82-4797-8BD9-FA2BB1AFF983}.Debug|Any CPU.Build.0 = Debug|Any CPU
		{FD0899AB-7B82-4797-8BD9-FA2BB1AFF983}.Release|Any CPU.ActiveCfg = Release|Any CPU
		{FD0899AB-7B82-4797-8BD9-FA2BB1AFF983}.Release|Any CPU.Build.0 = Release|Any CPU
		{093705B9-D3AF-4F84-99A0-69D5640AA052}.Debug|Any CPU.ActiveCfg = Debug|Any CPU
		{093705B9-D3AF-4F84-99A0-69D5640AA052}.Debug|Any CPU.Build.0 = Debug|Any CPU
		{093705B9-D3AF-4F84-99A0-69D5640AA052}.Release|Any CPU.ActiveCfg = Release|Any CPU
		{093705B9-D3AF-4F84-99A0-69D5640AA052}.Release|Any CPU.Build.0 = Release|Any CPU
		{E6C9A05B-EC36-4406-9610-636DDF897B10}.Debug|Any CPU.ActiveCfg = Debug|Any CPU
		{E6C9A05B-EC36-4406-9610-636DDF897B10}.Debug|Any CPU.Build.0 = Debug|Any CPU
		{E6C9A05B-EC36-4406-9610-636DDF897B10}.Release|Any CPU.ActiveCfg = Release|Any CPU
		{E6C9A05B-EC36-4406-9610-636DDF897B10}.Release|Any CPU.Build.0 = Release|Any CPU
		{05BCF75A-8B22-4959-BDB9-7A4D65FB4484}.Debug|Any CPU.ActiveCfg = Debug|Any CPU
		{05BCF75A-8B22-4959-BDB9-7A4D65FB4484}.Debug|Any CPU.Build.0 = Debug|Any CPU
		{05BCF75A-8B22-4959-BDB9-7A4D65FB4484}.Release|Any CPU.ActiveCfg = Release|Any CPU
		{05BCF75A-8B22-4959-BDB9-7A4D65FB4484}.Release|Any CPU.Build.0 = Release|Any CPU
		{393EE6DD-CB4D-4828-838F-861ED8E80FC9}.Debug|Any CPU.ActiveCfg = Debug|Any CPU
		{393EE6DD-CB4D-4828-838F-861ED8E80FC9}.Debug|Any CPU.Build.0 = Debug|Any CPU
		{393EE6DD-CB4D-4828-838F-861ED8E80FC9}.Release|Any CPU.ActiveCfg = Release|Any CPU
		{393EE6DD-CB4D-4828-838F-861ED8E80FC9}.Release|Any CPU.Build.0 = Release|Any CPU
	EndGlobalSection
	GlobalSection(SolutionProperties) = preSolution
		HideSolutionNode = FALSE
	EndGlobalSection
	GlobalSection(NestedProjects) = preSolution
		{D0858042-97FE-4D5B-8F11-A382B562BABB} = {6AD5BF80-3583-421F-A358-7158709352D7}
		{3B2817C7-1D0B-431B-9F42-39B6206C4DD2} = {6AD5BF80-3583-421F-A358-7158709352D7}
		{EEB0BE1D-478B-42AE-8B76-67A13554CA76} = {6AD5BF80-3583-421F-A358-7158709352D7}
		{AF69F149-4D09-4B86-BD7D-EE87213E1FC2} = {D0858042-97FE-4D5B-8F11-A382B562BABB}
		{B6195E62-54DB-47E6-A122-B8B8A8DA52A3} = {D0858042-97FE-4D5B-8F11-A382B562BABB}
		{437C9B0C-2690-4CA5-9919-C3D6CC4C632F} = {D0858042-97FE-4D5B-8F11-A382B562BABB}
		{D82D5FAE-6B99-4AE3-A4FD-5319150B7CE0} = {3B2817C7-1D0B-431B-9F42-39B6206C4DD2}
		{3D235C35-62BF-4491-99FF-DF587B2CCE2F} = {3B2817C7-1D0B-431B-9F42-39B6206C4DD2}
		{7FBBDE32-D1AD-4CD2-BE8A-4BCEE055FBEE} = {3B2817C7-1D0B-431B-9F42-39B6206C4DD2}
		{3B90A317-1680-44AF-8841-05F7D728A8FC} = {EEB0BE1D-478B-42AE-8B76-67A13554CA76}
		{FD0899AB-7B82-4797-8BD9-FA2BB1AFF983} = {EEB0BE1D-478B-42AE-8B76-67A13554CA76}
		{093705B9-D3AF-4F84-99A0-69D5640AA052} = {EEB0BE1D-478B-42AE-8B76-67A13554CA76}
		{E6C9A05B-EC36-4406-9610-636DDF897B10} = {EEB0BE1D-478B-42AE-8B76-67A13554CA76}
		{05BCF75A-8B22-4959-BDB9-7A4D65FB4484} = {3B2817C7-1D0B-431B-9F42-39B6206C4DD2}
		{393EE6DD-CB4D-4828-838F-861ED8E80FC9} = {D0858042-97FE-4D5B-8F11-A382B562BABB}
	EndGlobalSection
	GlobalSection(ExtensibilityGlobals) = postSolution
		SolutionGuid = {409FD2AC-F6F9-41FB-8876-40D406E1ACE9}
	EndGlobalSection
EndGlobal
